// !$*UTF8*$!
{
	archiveVersion = 1;
	classes = {
	};
	objectVersion = 56;
	objects = {

/* Begin PBXBuildFile section */
		BF605A4B29993BB4005F174E /* Transactions in Frameworks */ = {isa = PBXBuildFile; productRef = BF605A4A29993BB4005F174E /* Transactions */; };
		BFB632FA2997944F00A42B05 /* WorldOfPaybackApp.swift in Sources */ = {isa = PBXBuildFile; fileRef = BFB632F92997944F00A42B05 /* WorldOfPaybackApp.swift */; };
		BFB632FC2997944F00A42B05 /* ContentView.swift in Sources */ = {isa = PBXBuildFile; fileRef = BFB632FB2997944F00A42B05 /* ContentView.swift */; };
		BFB632FE2997945100A42B05 /* Assets.xcassets in Resources */ = {isa = PBXBuildFile; fileRef = BFB632FD2997945100A42B05 /* Assets.xcassets */; };
		BFB633012997945100A42B05 /* Preview Assets.xcassets in Resources */ = {isa = PBXBuildFile; fileRef = BFB633002997945100A42B05 /* Preview Assets.xcassets */; };
		BFB6330B2997945100A42B05 /* WorldOfPaybackTests.swift in Sources */ = {isa = PBXBuildFile; fileRef = BFB6330A2997945100A42B05 /* WorldOfPaybackTests.swift */; };
		BFB633152997945100A42B05 /* WorldOfPaybackUITests.swift in Sources */ = {isa = PBXBuildFile; fileRef = BFB633142997945100A42B05 /* WorldOfPaybackUITests.swift */; };
		BFB633172997945100A42B05 /* WorldOfPaybackUITestsLaunchTests.swift in Sources */ = {isa = PBXBuildFile; fileRef = BFB633162997945100A42B05 /* WorldOfPaybackUITestsLaunchTests.swift */; };
/* End PBXBuildFile section */

/* Begin PBXContainerItemProxy section */
		BFB633072997945100A42B05 /* PBXContainerItemProxy */ = {
			isa = PBXContainerItemProxy;
			containerPortal = BFB632EE2997944F00A42B05 /* Project object */;
			proxyType = 1;
			remoteGlobalIDString = BFB632F52997944F00A42B05;
			remoteInfo = WorldOfPayback;
		};
		BFB633112997945100A42B05 /* PBXContainerItemProxy */ = {
			isa = PBXContainerItemProxy;
			containerPortal = BFB632EE2997944F00A42B05 /* Project object */;
			proxyType = 1;
			remoteGlobalIDString = BFB632F52997944F00A42B05;
			remoteInfo = WorldOfPayback;
		};
/* End PBXContainerItemProxy section */

/* Begin PBXFileReference section */
		BF0A180329A0D16400B3080D /* Remote */ = {isa = PBXFileReference; lastKnownFileType = wrapper; path = Remote; sourceTree = "<group>"; };
		BF605A4729993B55005F174E /* Transactions */ = {isa = PBXFileReference; lastKnownFileType = wrapper; path = Transactions; sourceTree = "<group>"; };
		BFB632F62997944F00A42B05 /* WorldOfPayback.app */ = {isa = PBXFileReference; explicitFileType = wrapper.application; includeInIndex = 0; path = WorldOfPayback.app; sourceTree = BUILT_PRODUCTS_DIR; };
		BFB632F92997944F00A42B05 /* WorldOfPaybackApp.swift */ = {isa = PBXFileReference; lastKnownFileType = sourcecode.swift; path = WorldOfPaybackApp.swift; sourceTree = "<group>"; };
		BFB632FB2997944F00A42B05 /* ContentView.swift */ = {isa = PBXFileReference; lastKnownFileType = sourcecode.swift; path = ContentView.swift; sourceTree = "<group>"; };
		BFB632FD2997945100A42B05 /* Assets.xcassets */ = {isa = PBXFileReference; lastKnownFileType = folder.assetcatalog; path = Assets.xcassets; sourceTree = "<group>"; };
		BFB633002997945100A42B05 /* Preview Assets.xcassets */ = {isa = PBXFileReference; lastKnownFileType = folder.assetcatalog; path = "Preview Assets.xcassets"; sourceTree = "<group>"; };
		BFB633062997945100A42B05 /* WorldOfPaybackTests.xctest */ = {isa = PBXFileReference; explicitFileType = wrapper.cfbundle; includeInIndex = 0; path = WorldOfPaybackTests.xctest; sourceTree = BUILT_PRODUCTS_DIR; };
		BFB6330A2997945100A42B05 /* WorldOfPaybackTests.swift */ = {isa = PBXFileReference; lastKnownFileType = sourcecode.swift; path = WorldOfPaybackTests.swift; sourceTree = "<group>"; };
		BFB633102997945100A42B05 /* WorldOfPaybackUITests.xctest */ = {isa = PBXFileReference; explicitFileType = wrapper.cfbundle; includeInIndex = 0; path = WorldOfPaybackUITests.xctest; sourceTree = BUILT_PRODUCTS_DIR; };
		BFB633142997945100A42B05 /* WorldOfPaybackUITests.swift */ = {isa = PBXFileReference; lastKnownFileType = sourcecode.swift; path = WorldOfPaybackUITests.swift; sourceTree = "<group>"; };
		BFB633162997945100A42B05 /* WorldOfPaybackUITestsLaunchTests.swift */ = {isa = PBXFileReference; lastKnownFileType = sourcecode.swift; path = WorldOfPaybackUITestsLaunchTests.swift; sourceTree = "<group>"; };
/* End PBXFileReference section */

/* Begin PBXFrameworksBuildPhase section */
		BFB632F32997944F00A42B05 /* Frameworks */ = {
			isa = PBXFrameworksBuildPhase;
			buildActionMask = 2147483647;
			files = (
				BF605A4B29993BB4005F174E /* Transactions in Frameworks */,
			);
			runOnlyForDeploymentPostprocessing = 0;
		};
		BFB633032997945100A42B05 /* Frameworks */ = {
			isa = PBXFrameworksBuildPhase;
			buildActionMask = 2147483647;
			files = (
			);
			runOnlyForDeploymentPostprocessing = 0;
		};
		BFB6330D2997945100A42B05 /* Frameworks */ = {
			isa = PBXFrameworksBuildPhase;
			buildActionMask = 2147483647;
			files = (
			);
			runOnlyForDeploymentPostprocessing = 0;
		};
/* End PBXFrameworksBuildPhase section */

/* Begin PBXGroup section */
		BF605A4629993B4E005F174E /* Features */ = {
			isa = PBXGroup;
			children = (
				BF605A4729993B55005F174E /* Transactions */,
			);
			path = Features;
			sourceTree = "<group>";
		};
		BF605A4829993B64005F174E /* Frameworks */ = {
			isa = PBXGroup;
			children = (
			);
			name = Frameworks;
			sourceTree = "<group>";
		};
		BFB632ED2997944F00A42B05 = {
			isa = PBXGroup;
			children = (
				BF0A180329A0D16400B3080D /* Remote */,
				BF605A4629993B4E005F174E /* Features */,
				BFB632F82997944F00A42B05 /* WorldOfPayback */,
				BFB633092997945100A42B05 /* WorldOfPaybackTests */,
				BFB633132997945100A42B05 /* WorldOfPaybackUITests */,
				BFB632F72997944F00A42B05 /* Products */,
				BF605A4829993B64005F174E /* Frameworks */,
			);
			sourceTree = "<group>";
		};
		BFB632F72997944F00A42B05 /* Products */ = {
			isa = PBXGroup;
			children = (
				BFB632F62997944F00A42B05 /* WorldOfPayback.app */,
				BFB633062997945100A42B05 /* WorldOfPaybackTests.xctest */,
				BFB633102997945100A42B05 /* WorldOfPaybackUITests.xctest */,
			);
			name = Products;
			sourceTree = "<group>";
		};
		BFB632F82997944F00A42B05 /* WorldOfPayback */ = {
			isa = PBXGroup;
			children = (
				BFB632F92997944F00A42B05 /* WorldOfPaybackApp.swift */,
				BFB632FB2997944F00A42B05 /* ContentView.swift */,
				BFB632FD2997945100A42B05 /* Assets.xcassets */,
				BFB632FF2997945100A42B05 /* Preview Content */,
			);
			path = WorldOfPayback;
			sourceTree = "<group>";
		};
		BFB632FF2997945100A42B05 /* Preview Content */ = {
			isa = PBXGroup;
			children = (
				BFB633002997945100A42B05 /* Preview Assets.xcassets */,
			);
			path = "Preview Content";
			sourceTree = "<group>";
		};
		BFB633092997945100A42B05 /* WorldOfPaybackTests */ = {
			isa = PBXGroup;
			children = (
				BFB6330A2997945100A42B05 /* WorldOfPaybackTests.swift */,
			);
			path = WorldOfPaybackTests;
			sourceTree = "<group>";
		};
		BFB633132997945100A42B05 /* WorldOfPaybackUITests */ = {
			isa = PBXGroup;
			children = (
				BFB633142997945100A42B05 /* WorldOfPaybackUITests.swift */,
				BFB633162997945100A42B05 /* WorldOfPaybackUITestsLaunchTests.swift */,
			);
			path = WorldOfPaybackUITests;
			sourceTree = "<group>";
		};
/* End PBXGroup section */

/* Begin PBXNativeTarget section */
		BFB632F52997944F00A42B05 /* WorldOfPayback */ = {
			isa = PBXNativeTarget;
			buildConfigurationList = BFB6331A2997945100A42B05 /* Build configuration list for PBXNativeTarget "WorldOfPayback" */;
			buildPhases = (
				BFB632F22997944F00A42B05 /* Sources */,
				BFB632F32997944F00A42B05 /* Frameworks */,
				BFB632F42997944F00A42B05 /* Resources */,
			);
			buildRules = (
			);
			dependencies = (
			);
			name = WorldOfPayback;
			packageProductDependencies = (
				BF605A4A29993BB4005F174E /* Transactions */,
			);
			productName = WorldOfPayback;
			productReference = BFB632F62997944F00A42B05 /* WorldOfPayback.app */;
			productType = "com.apple.product-type.application";
		};
		BFB633052997945100A42B05 /* WorldOfPaybackTests */ = {
			isa = PBXNativeTarget;
			buildConfigurationList = BFB6331D2997945100A42B05 /* Build configuration list for PBXNativeTarget "WorldOfPaybackTests" */;
			buildPhases = (
				BFB633022997945100A42B05 /* Sources */,
				BFB633032997945100A42B05 /* Frameworks */,
				BFB633042997945100A42B05 /* Resources */,
			);
			buildRules = (
			);
			dependencies = (
				BFB633082997945100A42B05 /* PBXTargetDependency */,
			);
			name = WorldOfPaybackTests;
			productName = WorldOfPaybackTests;
			productReference = BFB633062997945100A42B05 /* WorldOfPaybackTests.xctest */;
			productType = "com.apple.product-type.bundle.unit-test";
		};
		BFB6330F2997945100A42B05 /* WorldOfPaybackUITests */ = {
			isa = PBXNativeTarget;
			buildConfigurationList = BFB633202997945100A42B05 /* Build configuration list for PBXNativeTarget "WorldOfPaybackUITests" */;
			buildPhases = (
				BFB6330C2997945100A42B05 /* Sources */,
				BFB6330D2997945100A42B05 /* Frameworks */,
				BFB6330E2997945100A42B05 /* Resources */,
			);
			buildRules = (
			);
			dependencies = (
				BFB633122997945100A42B05 /* PBXTargetDependency */,
			);
			name = WorldOfPaybackUITests;
			productName = WorldOfPaybackUITests;
			productReference = BFB633102997945100A42B05 /* WorldOfPaybackUITests.xctest */;
			productType = "com.apple.product-type.bundle.ui-testing";
		};
/* End PBXNativeTarget section */

/* Begin PBXProject section */
		BFB632EE2997944F00A42B05 /* Project object */ = {
			isa = PBXProject;
			attributes = {
				BuildIndependentTargetsInParallel = 1;
				LastSwiftUpdateCheck = 1410;
				LastUpgradeCheck = 1410;
				TargetAttributes = {
					BFB632F52997944F00A42B05 = {
						CreatedOnToolsVersion = 14.1;
					};
					BFB633052997945100A42B05 = {
						CreatedOnToolsVersion = 14.1;
						TestTargetID = BFB632F52997944F00A42B05;
					};
					BFB6330F2997945100A42B05 = {
						CreatedOnToolsVersion = 14.1;
						TestTargetID = BFB632F52997944F00A42B05;
					};
				};
			};
			buildConfigurationList = BFB632F12997944F00A42B05 /* Build configuration list for PBXProject "WorldOfPayback" */;
			compatibilityVersion = "Xcode 14.0";
			developmentRegion = en;
			hasScannedForEncodings = 0;
			knownRegions = (
				en,
				Base,
			);
			mainGroup = BFB632ED2997944F00A42B05;
			productRefGroup = BFB632F72997944F00A42B05 /* Products */;
			projectDirPath = "";
			projectRoot = "";
			targets = (
				BFB632F52997944F00A42B05 /* WorldOfPayback */,
				BFB633052997945100A42B05 /* WorldOfPaybackTests */,
				BFB6330F2997945100A42B05 /* WorldOfPaybackUITests */,
			);
		};
/* End PBXProject section */

/* Begin PBXResourcesBuildPhase section */
		BFB632F42997944F00A42B05 /* Resources */ = {
			isa = PBXResourcesBuildPhase;
			buildActionMask = 2147483647;
			files = (
				BFB633012997945100A42B05 /* Preview Assets.xcassets in Resources */,
				BFB632FE2997945100A42B05 /* Assets.xcassets in Resources */,
			);
			runOnlyForDeploymentPostprocessing = 0;
		};
		BFB633042997945100A42B05 /* Resources */ = {
			isa = PBXResourcesBuildPhase;
			buildActionMask = 2147483647;
			files = (
			);
			runOnlyForDeploymentPostprocessing = 0;
		};
		BFB6330E2997945100A42B05 /* Resources */ = {
			isa = PBXResourcesBuildPhase;
			buildActionMask = 2147483647;
			files = (
			);
			runOnlyForDeploymentPostprocessing = 0;
		};
/* End PBXResourcesBuildPhase section */

/* Begin PBXSourcesBuildPhase section */
		BFB632F22997944F00A42B05 /* Sources */ = {
			isa = PBXSourcesBuildPhase;
			buildActionMask = 2147483647;
			files = (
				BFB632FC2997944F00A42B05 /* ContentView.swift in Sources */,
				BFB632FA2997944F00A42B05 /* WorldOfPaybackApp.swift in Sources */,
			);
			runOnlyForDeploymentPostprocessing = 0;
		};
		BFB633022997945100A42B05 /* Sources */ = {
			isa = PBXSourcesBuildPhase;
			buildActionMask = 2147483647;
			files = (
				BFB6330B2997945100A42B05 /* WorldOfPaybackTests.swift in Sources */,
			);
			runOnlyForDeploymentPostprocessing = 0;
		};
		BFB6330C2997945100A42B05 /* Sources */ = {
			isa = PBXSourcesBuildPhase;
			buildActionMask = 2147483647;
			files = (
				BFB633172997945100A42B05 /* WorldOfPaybackUITestsLaunchTests.swift in Sources */,
				BFB633152997945100A42B05 /* WorldOfPaybackUITests.swift in Sources */,
			);
			runOnlyForDeploymentPostprocessing = 0;
		};
/* End PBXSourcesBuildPhase section */

/* Begin PBXTargetDependency section */
		BFB633082997945100A42B05 /* PBXTargetDependency */ = {
			isa = PBXTargetDependency;
			target = BFB632F52997944F00A42B05 /* WorldOfPayback */;
			targetProxy = BFB633072997945100A42B05 /* PBXContainerItemProxy */;
		};
		BFB633122997945100A42B05 /* PBXTargetDependency */ = {
			isa = PBXTargetDependency;
			target = BFB632F52997944F00A42B05 /* WorldOfPayback */;
			targetProxy = BFB633112997945100A42B05 /* PBXContainerItemProxy */;
		};
/* End PBXTargetDependency section */

/* Begin XCBuildConfiguration section */
		BFB633182997945100A42B05 /* Debug */ = {
			isa = XCBuildConfiguration;
			buildSettings = {
				ALWAYS_SEARCH_USER_PATHS = NO;
				CLANG_ANALYZER_NONNULL = YES;
				CLANG_ANALYZER_NUMBER_OBJECT_CONVERSION = YES_AGGRESSIVE;
				CLANG_CXX_LANGUAGE_STANDARD = "gnu++20";
				CLANG_ENABLE_MODULES = YES;
				CLANG_ENABLE_OBJC_ARC = YES;
				CLANG_ENABLE_OBJC_WEAK = YES;
				CLANG_WARN_BLOCK_CAPTURE_AUTORELEASING = YES;
				CLANG_WARN_BOOL_CONVERSION = YES;
				CLANG_WARN_COMMA = YES;
				CLANG_WARN_CONSTANT_CONVERSION = YES;
				CLANG_WARN_DEPRECATED_OBJC_IMPLEMENTATIONS = YES;
				CLANG_WARN_DIRECT_OBJC_ISA_USAGE = YES_ERROR;
				CLANG_WARN_DOCUMENTATION_COMMENTS = YES;
				CLANG_WARN_EMPTY_BODY = YES;
				CLANG_WARN_ENUM_CONVERSION = YES;
				CLANG_WARN_INFINITE_RECURSION = YES;
				CLANG_WARN_INT_CONVERSION = YES;
				CLANG_WARN_NON_LITERAL_NULL_CONVERSION = YES;
				CLANG_WARN_OBJC_IMPLICIT_RETAIN_SELF = YES;
				CLANG_WARN_OBJC_LITERAL_CONVERSION = YES;
				CLANG_WARN_OBJC_ROOT_CLASS = YES_ERROR;
				CLANG_WARN_QUOTED_INCLUDE_IN_FRAMEWORK_HEADER = YES;
				CLANG_WARN_RANGE_LOOP_ANALYSIS = YES;
				CLANG_WARN_STRICT_PROTOTYPES = YES;
				CLANG_WARN_SUSPICIOUS_MOVE = YES;
				CLANG_WARN_UNGUARDED_AVAILABILITY = YES_AGGRESSIVE;
				CLANG_WARN_UNREACHABLE_CODE = YES;
				CLANG_WARN__DUPLICATE_METHOD_MATCH = YES;
				COPY_PHASE_STRIP = NO;
				DEBUG_INFORMATION_FORMAT = dwarf;
				ENABLE_STRICT_OBJC_MSGSEND = YES;
				ENABLE_TESTABILITY = YES;
				GCC_C_LANGUAGE_STANDARD = gnu11;
				GCC_DYNAMIC_NO_PIC = NO;
				GCC_NO_COMMON_BLOCKS = YES;
				GCC_OPTIMIZATION_LEVEL = 0;
				GCC_PREPROCESSOR_DEFINITIONS = (
					"DEBUG=1",
					"$(inherited)",
				);
				GCC_WARN_64_TO_32_BIT_CONVERSION = YES;
				GCC_WARN_ABOUT_RETURN_TYPE = YES_ERROR;
				GCC_WARN_UNDECLARED_SELECTOR = YES;
				GCC_WARN_UNINITIALIZED_AUTOS = YES_AGGRESSIVE;
				GCC_WARN_UNUSED_FUNCTION = YES;
				GCC_WARN_UNUSED_VARIABLE = YES;
				IPHONEOS_DEPLOYMENT_TARGET = 16.1;
				MTL_ENABLE_DEBUG_INFO = INCLUDE_SOURCE;
				MTL_FAST_MATH = YES;
				ONLY_ACTIVE_ARCH = YES;
				SDKROOT = iphoneos;
				SWIFT_ACTIVE_COMPILATION_CONDITIONS = DEBUG;
				SWIFT_OPTIMIZATION_LEVEL = "-Onone";
			};
			name = Debug;
		};
		BFB633192997945100A42B05 /* Release */ = {
			isa = XCBuildConfiguration;
			buildSettings = {
				ALWAYS_SEARCH_USER_PATHS = NO;
				CLANG_ANALYZER_NONNULL = YES;
				CLANG_ANALYZER_NUMBER_OBJECT_CONVERSION = YES_AGGRESSIVE;
				CLANG_CXX_LANGUAGE_STANDARD = "gnu++20";
				CLANG_ENABLE_MODULES = YES;
				CLANG_ENABLE_OBJC_ARC = YES;
				CLANG_ENABLE_OBJC_WEAK = YES;
				CLANG_WARN_BLOCK_CAPTURE_AUTORELEASING = YES;
				CLANG_WARN_BOOL_CONVERSION = YES;
				CLANG_WARN_COMMA = YES;
				CLANG_WARN_CONSTANT_CONVERSION = YES;
				CLANG_WARN_DEPRECATED_OBJC_IMPLEMENTATIONS = YES;
				CLANG_WARN_DIRECT_OBJC_ISA_USAGE = YES_ERROR;
				CLANG_WARN_DOCUMENTATION_COMMENTS = YES;
				CLANG_WARN_EMPTY_BODY = YES;
				CLANG_WARN_ENUM_CONVERSION = YES;
				CLANG_WARN_INFINITE_RECURSION = YES;
				CLANG_WARN_INT_CONVERSION = YES;
				CLANG_WARN_NON_LITERAL_NULL_CONVERSION = YES;
				CLANG_WARN_OBJC_IMPLICIT_RETAIN_SELF = YES;
				CLANG_WARN_OBJC_LITERAL_CONVERSION = YES;
				CLANG_WARN_OBJC_ROOT_CLASS = YES_ERROR;
				CLANG_WARN_QUOTED_INCLUDE_IN_FRAMEWORK_HEADER = YES;
				CLANG_WARN_RANGE_LOOP_ANALYSIS = YES;
				CLANG_WARN_STRICT_PROTOTYPES = YES;
				CLANG_WARN_SUSPICIOUS_MOVE = YES;
				CLANG_WARN_UNGUARDED_AVAILABILITY = YES_AGGRESSIVE;
				CLANG_WARN_UNREACHABLE_CODE = YES;
				CLANG_WARN__DUPLICATE_METHOD_MATCH = YES;
				COPY_PHASE_STRIP = NO;
				DEBUG_INFORMATION_FORMAT = "dwarf-with-dsym";
				ENABLE_NS_ASSERTIONS = NO;
				ENABLE_STRICT_OBJC_MSGSEND = YES;
				GCC_C_LANGUAGE_STANDARD = gnu11;
				GCC_NO_COMMON_BLOCKS = YES;
				GCC_WARN_64_TO_32_BIT_CONVERSION = YES;
				GCC_WARN_ABOUT_RETURN_TYPE = YES_ERROR;
				GCC_WARN_UNDECLARED_SELECTOR = YES;
				GCC_WARN_UNINITIALIZED_AUTOS = YES_AGGRESSIVE;
				GCC_WARN_UNUSED_FUNCTION = YES;
				GCC_WARN_UNUSED_VARIABLE = YES;
				IPHONEOS_DEPLOYMENT_TARGET = 16.1;
				MTL_ENABLE_DEBUG_INFO = NO;
				MTL_FAST_MATH = YES;
				SDKROOT = iphoneos;
				SWIFT_COMPILATION_MODE = wholemodule;
				SWIFT_OPTIMIZATION_LEVEL = "-O";
				VALIDATE_PRODUCT = YES;
			};
			name = Release;
		};
		BFB6331B2997945100A42B05 /* Debug */ = {
			isa = XCBuildConfiguration;
			buildSettings = {
				ASSETCATALOG_COMPILER_APPICON_NAME = AppIcon;
				ASSETCATALOG_COMPILER_GLOBAL_ACCENT_COLOR_NAME = AccentColor;
				CODE_SIGN_STYLE = Automatic;
				CURRENT_PROJECT_VERSION = 1;
				DEVELOPMENT_ASSET_PATHS = "\"WorldOfPayback/Preview Content\"";
				DEVELOPMENT_TEAM = XG4MV58DJP;
				ENABLE_PREVIEWS = YES;
				GENERATE_INFOPLIST_FILE = YES;
				INFOPLIST_KEY_UIApplicationSceneManifest_Generation = YES;
				INFOPLIST_KEY_UIApplicationSupportsIndirectInputEvents = YES;
				INFOPLIST_KEY_UILaunchScreen_Generation = YES;
				INFOPLIST_KEY_UISupportedInterfaceOrientations_iPad = "UIInterfaceOrientationPortrait UIInterfaceOrientationPortraitUpsideDown UIInterfaceOrientationLandscapeLeft UIInterfaceOrientationLandscapeRight";
				INFOPLIST_KEY_UISupportedInterfaceOrientations_iPhone = "UIInterfaceOrientationPortrait UIInterfaceOrientationLandscapeLeft UIInterfaceOrientationLandscapeRight";
				LD_RUNPATH_SEARCH_PATHS = (
					"$(inherited)",
					"@executable_path/Frameworks",
				);
				MARKETING_VERSION = 1.0;
				PRODUCT_BUNDLE_IDENTIFIER = com.pprochniak.WorldOfPayback;
				PRODUCT_NAME = "$(TARGET_NAME)";
				SUPPORTED_PLATFORMS = "iphoneos iphonesimulator";
				SUPPORTS_MACCATALYST = NO;
				SUPPORTS_MAC_DESIGNED_FOR_IPHONE_IPAD = NO;
				SWIFT_EMIT_LOC_STRINGS = YES;
				SWIFT_VERSION = 5.0;
				TARGETED_DEVICE_FAMILY = 1;
			};
			name = Debug;
		};
		BFB6331C2997945100A42B05 /* Release */ = {
			isa = XCBuildConfiguration;
			buildSettings = {
				ASSETCATALOG_COMPILER_APPICON_NAME = AppIcon;
				ASSETCATALOG_COMPILER_GLOBAL_ACCENT_COLOR_NAME = AccentColor;
				CODE_SIGN_STYLE = Automatic;
				CURRENT_PROJECT_VERSION = 1;
				DEVELOPMENT_ASSET_PATHS = "\"WorldOfPayback/Preview Content\"";
				DEVELOPMENT_TEAM = XG4MV58DJP;
				ENABLE_PREVIEWS = YES;
				GENERATE_INFOPLIST_FILE = YES;
				INFOPLIST_KEY_UIApplicationSceneManifest_Generation = YES;
				INFOPLIST_KEY_UIApplicationSupportsIndirectInputEvents = YES;
				INFOPLIST_KEY_UILaunchScreen_Generation = YES;
				INFOPLIST_KEY_UISupportedInterfaceOrientations_iPad = "UIInterfaceOrientationPortrait UIInterfaceOrientationPortraitUpsideDown UIInterfaceOrientationLandscapeLeft UIInterfaceOrientationLandscapeRight";
				INFOPLIST_KEY_UISupportedInterfaceOrientations_iPhone = "UIInterfaceOrientationPortrait UIInterfaceOrientationLandscapeLeft UIInterfaceOrientationLandscapeRight";
				LD_RUNPATH_SEARCH_PATHS = (
					"$(inherited)",
					"@executable_path/Frameworks",
				);
				MARKETING_VERSION = 1.0;
				PRODUCT_BUNDLE_IDENTIFIER = com.pprochniak.WorldOfPayback;
				PRODUCT_NAME = "$(TARGET_NAME)";
				SUPPORTED_PLATFORMS = "iphoneos iphonesimulator";
				SUPPORTS_MACCATALYST = NO;
				SUPPORTS_MAC_DESIGNED_FOR_IPHONE_IPAD = NO;
				SWIFT_EMIT_LOC_STRINGS = YES;
				SWIFT_VERSION = 5.0;
				TARGETED_DEVICE_FAMILY = 1;
			};
			name = Release;
		};
		BFB6331E2997945100A42B05 /* Debug */ = {
			isa = XCBuildConfiguration;
			buildSettings = {
				ALWAYS_EMBED_SWIFT_STANDARD_LIBRARIES = YES;
				BUNDLE_LOADER = "$(TEST_HOST)";
				CODE_SIGN_STYLE = Automatic;
				CURRENT_PROJECT_VERSION = 1;
				GENERATE_INFOPLIST_FILE = YES;
				IPHONEOS_DEPLOYMENT_TARGET = 16.1;
				MARKETING_VERSION = 1.0;
				PRODUCT_BUNDLE_IDENTIFIER = com.pprochniak.WorldOfPaybackTests;
				PRODUCT_NAME = "$(TARGET_NAME)";
				SWIFT_EMIT_LOC_STRINGS = NO;
				SWIFT_VERSION = 5.0;
				TARGETED_DEVICE_FAMILY = "1,2";
				TEST_HOST = "$(BUILT_PRODUCTS_DIR)/WorldOfPayback.app/$(BUNDLE_EXECUTABLE_FOLDER_PATH)/WorldOfPayback";
			};
			name = Debug;
		};
		BFB6331F2997945100A42B05 /* Release */ = {
			isa = XCBuildConfiguration;
			buildSettings = {
				ALWAYS_EMBED_SWIFT_STANDARD_LIBRARIES = YES;
				BUNDLE_LOADER = "$(TEST_HOST)";
				CODE_SIGN_STYLE = Automatic;
				CURRENT_PROJECT_VERSION = 1;
				GENERATE_INFOPLIST_FILE = YES;
				IPHONEOS_DEPLOYMENT_TARGET = 16.1;
				MARKETING_VERSION = 1.0;
				PRODUCT_BUNDLE_IDENTIFIER = com.pprochniak.WorldOfPaybackTests;
				PRODUCT_NAME = "$(TARGET_NAME)";
				SWIFT_EMIT_LOC_STRINGS = NO;
				SWIFT_VERSION = 5.0;
				TARGETED_DEVICE_FAMILY = "1,2";
				TEST_HOST = "$(BUILT_PRODUCTS_DIR)/WorldOfPayback.app/$(BUNDLE_EXECUTABLE_FOLDER_PATH)/WorldOfPayback";
			};
			name = Release;
		};
		BFB633212997945100A42B05 /* Debug */ = {
			isa = XCBuildConfiguration;
			buildSettings = {
				ALWAYS_EMBED_SWIFT_STANDARD_LIBRARIES = YES;
				CODE_SIGN_STYLE = Automatic;
				CURRENT_PROJECT_VERSION = 1;
				GENERATE_INFOPLIST_FILE = YES;
				MARKETING_VERSION = 1.0;
				PRODUCT_BUNDLE_IDENTIFIER = com.pprochniak.WorldOfPaybackUITests;
				PRODUCT_NAME = "$(TARGET_NAME)";
				SWIFT_EMIT_LOC_STRINGS = NO;
				SWIFT_VERSION = 5.0;
				TARGETED_DEVICE_FAMILY = "1,2";
				TEST_TARGET_NAME = WorldOfPayback;
			};
			name = Debug;
		};
		BFB633222997945100A42B05 /* Release */ = {
			isa = XCBuildConfiguration;
			buildSettings = {
				ALWAYS_EMBED_SWIFT_STANDARD_LIBRARIES = YES;
				CODE_SIGN_STYLE = Automatic;
				CURRENT_PROJECT_VERSION = 1;
				GENERATE_INFOPLIST_FILE = YES;
				MARKETING_VERSION = 1.0;
				PRODUCT_BUNDLE_IDENTIFIER = com.pprochniak.WorldOfPaybackUITests;
				PRODUCT_NAME = "$(TARGET_NAME)";
				SWIFT_EMIT_LOC_STRINGS = NO;
				SWIFT_VERSION = 5.0;
				TARGETED_DEVICE_FAMILY = "1,2";
				TEST_TARGET_NAME = WorldOfPayback;
			};
			name = Release;
		};
/* End XCBuildConfiguration section */

/* Begin XCConfigurationList section */
		BFB632F12997944F00A42B05 /* Build configuration list for PBXProject "WorldOfPayback" */ = {
			isa = XCConfigurationList;
			buildConfigurations = (
				BFB633182997945100A42B05 /* Debug */,
				BFB633192997945100A42B05 /* Release */,
			);
			defaultConfigurationIsVisible = 0;
			defaultConfigurationName = Release;
		};
		BFB6331A2997945100A42B05 /* Build configuration list for PBXNativeTarget "WorldOfPayback" */ = {
			isa = XCConfigurationList;
			buildConfigurations = (
				BFB6331B2997945100A42B05 /* Debug */,
				BFB6331C2997945100A42B05 /* Release */,
			);
			defaultConfigurationIsVisible = 0;
			defaultConfigurationName = Release;
		};
		BFB6331D2997945100A42B05 /* Build configuration list for PBXNativeTarget "WorldOfPaybackTests" */ = {
			isa = XCConfigurationList;
			buildConfigurations = (
				BFB6331E2997945100A42B05 /* Debug */,
				BFB6331F2997945100A42B05 /* Release */,
			);
			defaultConfigurationIsVisible = 0;
			defaultConfigurationName = Release;
		};
		BFB633202997945100A42B05 /* Build configuration list for PBXNativeTarget "WorldOfPaybackUITests" */ = {
			isa = XCConfigurationList;
			buildConfigurations = (
				BFB633212997945100A42B05 /* Debug */,
				BFB633222997945100A42B05 /* Release */,
			);
			defaultConfigurationIsVisible = 0;
			defaultConfigurationName = Release;
		};
/* End XCConfigurationList section */

/* Begin XCSwiftPackageProductDependency section */
		BF605A4A29993BB4005F174E /* Transactions */ = {
			isa = XCSwiftPackageProductDependency;
			productName = Transactions;
		};
/* End XCSwiftPackageProductDependency section */
	};
	rootObject = BFB632EE2997944F00A42B05 /* Project object */;
}
